// !$*UTF8*$!
{
	archiveVersion = 1;
	classes = {
	};
	objectVersion = 56;
	objects = {

/* Begin PBXBuildFile section */
		5565F24129C996B400D42EE7 /* FructusApp.swift in Sources */ = {isa = PBXBuildFile; fileRef = 5565F24029C996B400D42EE7 /* FructusApp.swift */; };
		5565F24329C996B400D42EE7 /* ContentView.swift in Sources */ = {isa = PBXBuildFile; fileRef = 5565F24229C996B400D42EE7 /* ContentView.swift */; };
		5565F24529C996B500D42EE7 /* Assets.xcassets in Resources */ = {isa = PBXBuildFile; fileRef = 5565F24429C996B500D42EE7 /* Assets.xcassets */; };
		5565F24829C996B500D42EE7 /* Preview Assets.xcassets in Resources */ = {isa = PBXBuildFile; fileRef = 5565F24729C996B500D42EE7 /* Preview Assets.xcassets */; };
		5565F25129C9AC8000D42EE7 /* FruitCardView.swift in Sources */ = {isa = PBXBuildFile; fileRef = 5565F25029C9AC8000D42EE7 /* FruitCardView.swift */; };
		5565F25329C9B27400D42EE7 /* StartButtonView.swift in Sources */ = {isa = PBXBuildFile; fileRef = 5565F25229C9B27400D42EE7 /* StartButtonView.swift */; };
		5565F25529C9DC8200D42EE7 /* OnboardingView.swift in Sources */ = {isa = PBXBuildFile; fileRef = 5565F25429C9DC8200D42EE7 /* OnboardingView.swift */; };
		5565F25829C9E18E00D42EE7 /* FruitModel.swift in Sources */ = {isa = PBXBuildFile; fileRef = 5565F25729C9E18E00D42EE7 /* FruitModel.swift */; };
		5565F25B29C9E28600D42EE7 /* FruitData.swift in Sources */ = {isa = PBXBuildFile; fileRef = 5565F25A29C9E28600D42EE7 /* FruitData.swift */; };
		5565F25D29C9EAE600D42EE7 /* FruitRowView.swift in Sources */ = {isa = PBXBuildFile; fileRef = 5565F25C29C9EAE600D42EE7 /* FruitRowView.swift */; };
		5565F25F29CA089300D42EE7 /* FruitDetailView.swift in Sources */ = {isa = PBXBuildFile; fileRef = 5565F25E29CA089300D42EE7 /* FruitDetailView.swift */; };
		5565F26129CA297F00D42EE7 /* FruitHeaderView.swift in Sources */ = {isa = PBXBuildFile; fileRef = 5565F26029CA297F00D42EE7 /* FruitHeaderView.swift */; };
		5565F26329CA300800D42EE7 /* SourceLinkView.swift in Sources */ = {isa = PBXBuildFile; fileRef = 5565F26229CA300800D42EE7 /* SourceLinkView.swift */; };
		5565F26529CA3A9F00D42EE7 /* FruitNutrientsView.swift in Sources */ = {isa = PBXBuildFile; fileRef = 5565F26429CA3A9F00D42EE7 /* FruitNutrientsView.swift */; };
		5565F26729CA412700D42EE7 /* SettingsView.swift in Sources */ = {isa = PBXBuildFile; fileRef = 5565F26629CA412700D42EE7 /* SettingsView.swift */; };
		5565F26929CA490800D42EE7 /* SettingsLabelView.swift in Sources */ = {isa = PBXBuildFile; fileRef = 5565F26829CA490800D42EE7 /* SettingsLabelView.swift */; };
		5565F26B29CA4DC300D42EE7 /* SettingsRowView.swift in Sources */ = {isa = PBXBuildFile; fileRef = 5565F26A29CA4DC300D42EE7 /* SettingsRowView.swift */; };
/* End PBXBuildFile section */

/* Begin PBXFileReference section */
		5565F23D29C996B400D42EE7 /* Fructus.app */ = {isa = PBXFileReference; explicitFileType = wrapper.application; includeInIndex = 0; path = Fructus.app; sourceTree = BUILT_PRODUCTS_DIR; };
		5565F24029C996B400D42EE7 /* FructusApp.swift */ = {isa = PBXFileReference; lastKnownFileType = sourcecode.swift; path = FructusApp.swift; sourceTree = "<group>"; };
		5565F24229C996B400D42EE7 /* ContentView.swift */ = {isa = PBXFileReference; lastKnownFileType = sourcecode.swift; path = ContentView.swift; sourceTree = "<group>"; };
		5565F24429C996B500D42EE7 /* Assets.xcassets */ = {isa = PBXFileReference; lastKnownFileType = folder.assetcatalog; path = Assets.xcassets; sourceTree = "<group>"; };
		5565F24729C996B500D42EE7 /* Preview Assets.xcassets */ = {isa = PBXFileReference; lastKnownFileType = folder.assetcatalog; path = "Preview Assets.xcassets"; sourceTree = "<group>"; };
		5565F25029C9AC8000D42EE7 /* FruitCardView.swift */ = {isa = PBXFileReference; lastKnownFileType = sourcecode.swift; path = FruitCardView.swift; sourceTree = "<group>"; };
		5565F25229C9B27400D42EE7 /* StartButtonView.swift */ = {isa = PBXFileReference; lastKnownFileType = sourcecode.swift; path = StartButtonView.swift; sourceTree = "<group>"; };
		5565F25429C9DC8200D42EE7 /* OnboardingView.swift */ = {isa = PBXFileReference; lastKnownFileType = sourcecode.swift; path = OnboardingView.swift; sourceTree = "<group>"; };
		5565F25729C9E18E00D42EE7 /* FruitModel.swift */ = {isa = PBXFileReference; lastKnownFileType = sourcecode.swift; path = FruitModel.swift; sourceTree = "<group>"; };
		5565F25A29C9E28600D42EE7 /* FruitData.swift */ = {isa = PBXFileReference; lastKnownFileType = sourcecode.swift; path = FruitData.swift; sourceTree = "<group>"; };
		5565F25C29C9EAE600D42EE7 /* FruitRowView.swift */ = {isa = PBXFileReference; lastKnownFileType = sourcecode.swift; path = FruitRowView.swift; sourceTree = "<group>"; };
		5565F25E29CA089300D42EE7 /* FruitDetailView.swift */ = {isa = PBXFileReference; lastKnownFileType = sourcecode.swift; path = FruitDetailView.swift; sourceTree = "<group>"; };
		5565F26029CA297F00D42EE7 /* FruitHeaderView.swift */ = {isa = PBXFileReference; lastKnownFileType = sourcecode.swift; path = FruitHeaderView.swift; sourceTree = "<group>"; };
		5565F26229CA300800D42EE7 /* SourceLinkView.swift */ = {isa = PBXFileReference; lastKnownFileType = sourcecode.swift; path = SourceLinkView.swift; sourceTree = "<group>"; };
		5565F26429CA3A9F00D42EE7 /* FruitNutrientsView.swift */ = {isa = PBXFileReference; lastKnownFileType = sourcecode.swift; path = FruitNutrientsView.swift; sourceTree = "<group>"; };
		5565F26629CA412700D42EE7 /* SettingsView.swift */ = {isa = PBXFileReference; lastKnownFileType = sourcecode.swift; path = SettingsView.swift; sourceTree = "<group>"; };
		5565F26829CA490800D42EE7 /* SettingsLabelView.swift */ = {isa = PBXFileReference; lastKnownFileType = sourcecode.swift; path = SettingsLabelView.swift; sourceTree = "<group>"; };
		5565F26A29CA4DC300D42EE7 /* SettingsRowView.swift */ = {isa = PBXFileReference; lastKnownFileType = sourcecode.swift; path = SettingsRowView.swift; sourceTree = "<group>"; };
/* End PBXFileReference section */

/* Begin PBXFrameworksBuildPhase section */
		5565F23A29C996B400D42EE7 /* Frameworks */ = {
			isa = PBXFrameworksBuildPhase;
			buildActionMask = 2147483647;
			files = (
			);
			runOnlyForDeploymentPostprocessing = 0;
		};
/* End PBXFrameworksBuildPhase section */

/* Begin PBXGroup section */
		5565F23429C996B400D42EE7 = {
			isa = PBXGroup;
			children = (
				5565F23F29C996B400D42EE7 /* Fructus */,
				5565F23E29C996B400D42EE7 /* Products */,
			);
			sourceTree = "<group>";
		};
		5565F23E29C996B400D42EE7 /* Products */ = {
			isa = PBXGroup;
			children = (
				5565F23D29C996B400D42EE7 /* Fructus.app */,
			);
			name = Products;
			sourceTree = "<group>";
		};
		5565F23F29C996B400D42EE7 /* Fructus */ = {
			isa = PBXGroup;
			children = (
				5565F25929C9E27900D42EE7 /* Data */,
				5565F25629C9E18100D42EE7 /* Model */,
				5565F24F29C9AC3100D42EE7 /* View */,
				5565F24E29C9A60000D42EE7 /* App */,
				5565F24429C996B500D42EE7 /* Assets.xcassets */,
				5565F24629C996B500D42EE7 /* Preview Content */,
			);
			path = Fructus;
			sourceTree = "<group>";
		};
		5565F24629C996B500D42EE7 /* Preview Content */ = {
			isa = PBXGroup;
			children = (
				5565F24729C996B500D42EE7 /* Preview Assets.xcassets */,
			);
			path = "Preview Content";
			sourceTree = "<group>";
		};
		5565F24E29C9A60000D42EE7 /* App */ = {
			isa = PBXGroup;
			children = (
				5565F24029C996B400D42EE7 /* FructusApp.swift */,
				5565F24229C996B400D42EE7 /* ContentView.swift */,
				5565F25429C9DC8200D42EE7 /* OnboardingView.swift */,
				5565F25E29CA089300D42EE7 /* FruitDetailView.swift */,
				5565F26629CA412700D42EE7 /* SettingsView.swift */,
			);
			path = App;
			sourceTree = "<group>";
		};
		5565F24F29C9AC3100D42EE7 /* View */ = {
			isa = PBXGroup;
			children = (
				5565F25029C9AC8000D42EE7 /* FruitCardView.swift */,
				5565F25229C9B27400D42EE7 /* StartButtonView.swift */,
				5565F25C29C9EAE600D42EE7 /* FruitRowView.swift */,
				5565F26029CA297F00D42EE7 /* FruitHeaderView.swift */,
				5565F26229CA300800D42EE7 /* SourceLinkView.swift */,
				5565F26429CA3A9F00D42EE7 /* FruitNutrientsView.swift */,
				5565F26829CA490800D42EE7 /* SettingsLabelView.swift */,
				5565F26A29CA4DC300D42EE7 /* SettingsRowView.swift */,
			);
			path = View;
			sourceTree = "<group>";
		};
		5565F25629C9E18100D42EE7 /* Model */ = {
			isa = PBXGroup;
			children = (
				5565F25729C9E18E00D42EE7 /* FruitModel.swift */,
			);
			path = Model;
			sourceTree = "<group>";
		};
		5565F25929C9E27900D42EE7 /* Data */ = {
			isa = PBXGroup;
			children = (
				5565F25A29C9E28600D42EE7 /* FruitData.swift */,
			);
			path = Data;
			sourceTree = "<group>";
		};
/* End PBXGroup section */

/* Begin PBXNativeTarget section */
		5565F23C29C996B400D42EE7 /* Fructus */ = {
			isa = PBXNativeTarget;
			buildConfigurationList = 5565F24B29C996B500D42EE7 /* Build configuration list for PBXNativeTarget "Fructus" */;
			buildPhases = (
				5565F23929C996B400D42EE7 /* Sources */,
				5565F23A29C996B400D42EE7 /* Frameworks */,
				5565F23B29C996B400D42EE7 /* Resources */,
			);
			buildRules = (
			);
			dependencies = (
			);
			name = Fructus;
			productName = Fructus;
			productReference = 5565F23D29C996B400D42EE7 /* Fructus.app */;
			productType = "com.apple.product-type.application";
		};
/* End PBXNativeTarget section */

/* Begin PBXProject section */
		5565F23529C996B400D42EE7 /* Project object */ = {
			isa = PBXProject;
			attributes = {
				BuildIndependentTargetsInParallel = 1;
				LastSwiftUpdateCheck = 1420;
				LastUpgradeCheck = 1420;
				TargetAttributes = {
					5565F23C29C996B400D42EE7 = {
						CreatedOnToolsVersion = 14.2;
					};
				};
			};
			buildConfigurationList = 5565F23829C996B400D42EE7 /* Build configuration list for PBXProject "Fructus" */;
			compatibilityVersion = "Xcode 14.0";
			developmentRegion = en;
			hasScannedForEncodings = 0;
			knownRegions = (
				en,
				Base,
			);
			mainGroup = 5565F23429C996B400D42EE7;
			productRefGroup = 5565F23E29C996B400D42EE7 /* Products */;
			projectDirPath = "";
			projectRoot = "";
			targets = (
				5565F23C29C996B400D42EE7 /* Fructus */,
			);
		};
/* End PBXProject section */

/* Begin PBXResourcesBuildPhase section */
		5565F23B29C996B400D42EE7 /* Resources */ = {
			isa = PBXResourcesBuildPhase;
			buildActionMask = 2147483647;
			files = (
				5565F24829C996B500D42EE7 /* Preview Assets.xcassets in Resources */,
				5565F24529C996B500D42EE7 /* Assets.xcassets in Resources */,
			);
			runOnlyForDeploymentPostprocessing = 0;
		};
/* End PBXResourcesBuildPhase section */

/* Begin PBXSourcesBuildPhase section */
		5565F23929C996B400D42EE7 /* Sources */ = {
			isa = PBXSourcesBuildPhase;
			buildActionMask = 2147483647;
			files = (
				5565F25B29C9E28600D42EE7 /* FruitData.swift in Sources */,
				5565F26329CA300800D42EE7 /* SourceLinkView.swift in Sources */,
				5565F26B29CA4DC300D42EE7 /* SettingsRowView.swift in Sources */,
				5565F25129C9AC8000D42EE7 /* FruitCardView.swift in Sources */,
				5565F25D29C9EAE600D42EE7 /* FruitRowView.swift in Sources */,
				5565F26529CA3A9F00D42EE7 /* FruitNutrientsView.swift in Sources */,
				5565F25329C9B27400D42EE7 /* StartButtonView.swift in Sources */,
				5565F25F29CA089300D42EE7 /* FruitDetailView.swift in Sources */,
				5565F24329C996B400D42EE7 /* ContentView.swift in Sources */,
				5565F26129CA297F00D42EE7 /* FruitHeaderView.swift in Sources */,
				5565F25529C9DC8200D42EE7 /* OnboardingView.swift in Sources */,
				5565F26929CA490800D42EE7 /* SettingsLabelView.swift in Sources */,
				5565F25829C9E18E00D42EE7 /* FruitModel.swift in Sources */,
				5565F24129C996B400D42EE7 /* FructusApp.swift in Sources */,
				5565F26729CA412700D42EE7 /* SettingsView.swift in Sources */,
			);
			runOnlyForDeploymentPostprocessing = 0;
		};
/* End PBXSourcesBuildPhase section */

/* Begin XCBuildConfiguration section */
		5565F24929C996B500D42EE7 /* Debug */ = {
			isa = XCBuildConfiguration;
			buildSettings = {
				ALWAYS_SEARCH_USER_PATHS = NO;
				CLANG_ANALYZER_NONNULL = YES;
				CLANG_ANALYZER_NUMBER_OBJECT_CONVERSION = YES_AGGRESSIVE;
				CLANG_CXX_LANGUAGE_STANDARD = "gnu++20";
				CLANG_ENABLE_MODULES = YES;
				CLANG_ENABLE_OBJC_ARC = YES;
				CLANG_ENABLE_OBJC_WEAK = YES;
				CLANG_WARN_BLOCK_CAPTURE_AUTORELEASING = YES;
				CLANG_WARN_BOOL_CONVERSION = YES;
				CLANG_WARN_COMMA = YES;
				CLANG_WARN_CONSTANT_CONVERSION = YES;
				CLANG_WARN_DEPRECATED_OBJC_IMPLEMENTATIONS = YES;
				CLANG_WARN_DIRECT_OBJC_ISA_USAGE = YES_ERROR;
				CLANG_WARN_DOCUMENTATION_COMMENTS = YES;
				CLANG_WARN_EMPTY_BODY = YES;
				CLANG_WARN_ENUM_CONVERSION = YES;
				CLANG_WARN_INFINITE_RECURSION = YES;
				CLANG_WARN_INT_CONVERSION = YES;
				CLANG_WARN_NON_LITERAL_NULL_CONVERSION = YES;
				CLANG_WARN_OBJC_IMPLICIT_RETAIN_SELF = YES;
				CLANG_WARN_OBJC_LITERAL_CONVERSION = YES;
				CLANG_WARN_OBJC_ROOT_CLASS = YES_ERROR;
				CLANG_WARN_QUOTED_INCLUDE_IN_FRAMEWORK_HEADER = YES;
				CLANG_WARN_RANGE_LOOP_ANALYSIS = YES;
				CLANG_WARN_STRICT_PROTOTYPES = YES;
				CLANG_WARN_SUSPICIOUS_MOVE = YES;
				CLANG_WARN_UNGUARDED_AVAILABILITY = YES_AGGRESSIVE;
				CLANG_WARN_UNREACHABLE_CODE = YES;
				CLANG_WARN__DUPLICATE_METHOD_MATCH = YES;
				COPY_PHASE_STRIP = NO;
				DEBUG_INFORMATION_FORMAT = dwarf;
				ENABLE_STRICT_OBJC_MSGSEND = YES;
				ENABLE_TESTABILITY = YES;
				GCC_C_LANGUAGE_STANDARD = gnu11;
				GCC_DYNAMIC_NO_PIC = NO;
				GCC_NO_COMMON_BLOCKS = YES;
				GCC_OPTIMIZATION_LEVEL = 0;
				GCC_PREPROCESSOR_DEFINITIONS = (
					"DEBUG=1",
					"$(inherited)",
				);
				GCC_WARN_64_TO_32_BIT_CONVERSION = YES;
				GCC_WARN_ABOUT_RETURN_TYPE = YES_ERROR;
				GCC_WARN_UNDECLARED_SELECTOR = YES;
				GCC_WARN_UNINITIALIZED_AUTOS = YES_AGGRESSIVE;
				GCC_WARN_UNUSED_FUNCTION = YES;
				GCC_WARN_UNUSED_VARIABLE = YES;
				IPHONEOS_DEPLOYMENT_TARGET = 16.2;
				MTL_ENABLE_DEBUG_INFO = INCLUDE_SOURCE;
				MTL_FAST_MATH = YES;
				ONLY_ACTIVE_ARCH = YES;
				SDKROOT = iphoneos;
				SWIFT_ACTIVE_COMPILATION_CONDITIONS = DEBUG;
				SWIFT_OPTIMIZATION_LEVEL = "-Onone";
			};
			name = Debug;
		};
		5565F24A29C996B500D42EE7 /* Release */ = {
			isa = XCBuildConfiguration;
			buildSettings = {
				ALWAYS_SEARCH_USER_PATHS = NO;
				CLANG_ANALYZER_NONNULL = YES;
				CLANG_ANALYZER_NUMBER_OBJECT_CONVERSION = YES_AGGRESSIVE;
				CLANG_CXX_LANGUAGE_STANDARD = "gnu++20";
				CLANG_ENABLE_MODULES = YES;
				CLANG_ENABLE_OBJC_ARC = YES;
				CLANG_ENABLE_OBJC_WEAK = YES;
				CLANG_WARN_BLOCK_CAPTURE_AUTORELEASING = YES;
				CLANG_WARN_BOOL_CONVERSION = YES;
				CLANG_WARN_COMMA = YES;
				CLANG_WARN_CONSTANT_CONVERSION = YES;
				CLANG_WARN_DEPRECATED_OBJC_IMPLEMENTATIONS = YES;
				CLANG_WARN_DIRECT_OBJC_ISA_USAGE = YES_ERROR;
				CLANG_WARN_DOCUMENTATION_COMMENTS = YES;
				CLANG_WARN_EMPTY_BODY = YES;
				CLANG_WARN_ENUM_CONVERSION = YES;
				CLANG_WARN_INFINITE_RECURSION = YES;
				CLANG_WARN_INT_CONVERSION = YES;
				CLANG_WARN_NON_LITERAL_NULL_CONVERSION = YES;
				CLANG_WARN_OBJC_IMPLICIT_RETAIN_SELF = YES;
				CLANG_WARN_OBJC_LITERAL_CONVERSION = YES;
				CLANG_WARN_OBJC_ROOT_CLASS = YES_ERROR;
				CLANG_WARN_QUOTED_INCLUDE_IN_FRAMEWORK_HEADER = YES;
				CLANG_WARN_RANGE_LOOP_ANALYSIS = YES;
				CLANG_WARN_STRICT_PROTOTYPES = YES;
				CLANG_WARN_SUSPICIOUS_MOVE = YES;
				CLANG_WARN_UNGUARDED_AVAILABILITY = YES_AGGRESSIVE;
				CLANG_WARN_UNREACHABLE_CODE = YES;
				CLANG_WARN__DUPLICATE_METHOD_MATCH = YES;
				COPY_PHASE_STRIP = NO;
				DEBUG_INFORMATION_FORMAT = "dwarf-with-dsym";
				ENABLE_NS_ASSERTIONS = NO;
				ENABLE_STRICT_OBJC_MSGSEND = YES;
				GCC_C_LANGUAGE_STANDARD = gnu11;
				GCC_NO_COMMON_BLOCKS = YES;
				GCC_WARN_64_TO_32_BIT_CONVERSION = YES;
				GCC_WARN_ABOUT_RETURN_TYPE = YES_ERROR;
				GCC_WARN_UNDECLARED_SELECTOR = YES;
				GCC_WARN_UNINITIALIZED_AUTOS = YES_AGGRESSIVE;
				GCC_WARN_UNUSED_FUNCTION = YES;
				GCC_WARN_UNUSED_VARIABLE = YES;
				IPHONEOS_DEPLOYMENT_TARGET = 16.2;
				MTL_ENABLE_DEBUG_INFO = NO;
				MTL_FAST_MATH = YES;
				SDKROOT = iphoneos;
				SWIFT_COMPILATION_MODE = wholemodule;
				SWIFT_OPTIMIZATION_LEVEL = "-O";
				VALIDATE_PRODUCT = YES;
			};
			name = Release;
		};
		5565F24C29C996B500D42EE7 /* Debug */ = {
			isa = XCBuildConfiguration;
			buildSettings = {
				ASSETCATALOG_COMPILER_APPICON_NAME = AppIcon;
				ASSETCATALOG_COMPILER_GLOBAL_ACCENT_COLOR_NAME = AccentColor;
				CODE_SIGN_STYLE = Automatic;
				CURRENT_PROJECT_VERSION = 1;
				DEVELOPMENT_ASSET_PATHS = "\"Fructus/Preview Content\"";
				DEVELOPMENT_TEAM = 3W6S8FM5ZF;
				ENABLE_PREVIEWS = YES;
				GENERATE_INFOPLIST_FILE = YES;
				INFOPLIST_KEY_UIApplicationSceneManifest_Generation = YES;
				INFOPLIST_KEY_UIApplicationSupportsIndirectInputEvents = YES;
				INFOPLIST_KEY_UILaunchScreen_Generation = YES;
				INFOPLIST_KEY_UISupportedInterfaceOrientations = UIInterfaceOrientationPortrait;
				IPHONEOS_DEPLOYMENT_TARGET = 14.0;
				LD_RUNPATH_SEARCH_PATHS = (
					"$(inherited)",
					"@executable_path/Frameworks",
				);
				MARKETING_VERSION = 1.0;
				PRODUCT_BUNDLE_IDENTIFIER = com.iniongungroup.Fructus;
				PRODUCT_NAME = "$(TARGET_NAME)";
				SWIFT_EMIT_LOC_STRINGS = YES;
				SWIFT_VERSION = 5.0;
				TARGETED_DEVICE_FAMILY = "1,2";
			};
			name = Debug;
		};
		5565F24D29C996B500D42EE7 /* Release */ = {
			isa = XCBuildConfiguration;
			buildSettings = {
				ASSETCATALOG_COMPILER_APPICON_NAME = AppIcon;
				ASSETCATALOG_COMPILER_GLOBAL_ACCENT_COLOR_NAME = AccentColor;
				CODE_SIGN_STYLE = Automatic;
				CURRENT_PROJECT_VERSION = 1;
				DEVELOPMENT_ASSET_PATHS = "\"Fructus/Preview Content\"";
				DEVELOPMENT_TEAM = 3W6S8FM5ZF;
				ENABLE_PREVIEWS = YES;
				GENERATE_INFOPLIST_FILE = YES;
				INFOPLIST_KEY_UIApplicationSceneManifest_Generation = YES;
				INFOPLIST_KEY_UIApplicationSupportsIndirectInputEvents = YES;
				INFOPLIST_KEY_UILaunchScreen_Generation = YES;
				INFOPLIST_KEY_UISupportedInterfaceOrientations = UIInterfaceOrientationPortrait;
				IPHONEOS_DEPLOYMENT_TARGET = 14.0;
				LD_RUNPATH_SEARCH_PATHS = (
					"$(inherited)",
					"@executable_path/Frameworks",
				);
				MARKETING_VERSION = 1.0;
				PRODUCT_BUNDLE_IDENTIFIER = com.iniongungroup.Fructus;
				PRODUCT_NAME = "$(TARGET_NAME)";
				SWIFT_EMIT_LOC_STRINGS = YES;
				SWIFT_VERSION = 5.0;
				TARGETED_DEVICE_FAMILY = "1,2";
			};
			name = Release;
		};
/* End XCBuildConfiguration section */

/* Begin XCConfigurationList section */
		5565F23829C996B400D42EE7 /* Build configuration list for PBXProject "Fructus" */ = {
			isa = XCConfigurationList;
			buildConfigurations = (
				5565F24929C996B500D42EE7 /* Debug */,
				5565F24A29C996B500D42EE7 /* Release */,
			);
			defaultConfigurationIsVisible = 0;
			defaultConfigurationName = Release;
		};
		5565F24B29C996B500D42EE7 /* Build configuration list for PBXNativeTarget "Fructus" */ = {
			isa = XCConfigurationList;
			buildConfigurations = (
				5565F24C29C996B500D42EE7 /* Debug */,
				5565F24D29C996B500D42EE7 /* Release */,
			);
			defaultConfigurationIsVisible = 0;
			defaultConfigurationName = Release;
		};
/* End XCConfigurationList section */
	};
	rootObject = 5565F23529C996B400D42EE7 /* Project object */;
}
